
Microsoft Visual Studio Solution File, Format Version 12.00
# Visual Studio Version 17
VisualStudioVersion = 17.7.34031.279
MinimumVisualStudioVersion = 10.0.40219.1
Project("{FAE04EC0-301F-11D3-BF4B-00C04F79EFBC}") = "food", "food.csproj", "{F2449A01-38CF-4BCC-AB6F-8DF94E55103E}"
EndProject
Global
	GlobalSection(SolutionConfigurationPlatforms) = preSolution
		Debug|Any CPU = Debug|Any CPU
		Release|Any CPU = Release|Any CPU
	EndGlobalSection
	GlobalSection(ProjectConfigurationPlatforms) = postSolution
		{F2449A01-38CF-4BCC-AB6F-8DF94E55103E}.Debug|Any CPU.ActiveCfg = Debug|Any CPU
		{F2449A01-38CF-4BCC-AB6F-8DF94E55103E}.Debug|Any CPU.Build.0 = Debug|Any CPU
		{F2449A01-38CF-4BCC-AB6F-8DF94E55103E}.Release|Any CPU.ActiveCfg = Release|Any CPU
		{F2449A01-38CF-4BCC-AB6F-8DF94E55103E}.Release|Any CPU.Build.0 = Release|Any CPU
	EndGlobalSection
	GlobalSection(SolutionProperties) = preSolution
		HideSolutionNode = FALSE
	EndGlobalSection
	GlobalSection(ExtensibilityGlobals) = postSolution
		SolutionGuid = {7784748D-8BA3-40A0-A8F3-38D792A602BA}
	EndGlobalSection
EndGlobal
